
Microsoft Visual Studio Solution File, Format Version 12.00
# Visual Studio Version 16
VisualStudioVersion = 16.0.30907.101
MinimumVisualStudioVersion = 10.0.40219.1
Project("{FAE04EC0-301F-11D3-BF4B-00C04F79EFBC}") = "VuongDaKhang", "VuongDaKhang\VuongDaKhang.csproj", "{B93C88C7-0F92-44F8-8282-CB22BE48B0EA}"
EndProject
Project("{FAE04EC0-301F-11D3-BF4B-00C04F79EFBC}") = "CongTriKhang", "..\tichdiem.congtrikhang.vn\CongTriKhang\CongTriKhang.csproj", "{3FBE54EA-45D8-4210-9DF5-2162F84C93A6}"
EndProject
Project("{FAE04EC0-301F-11D3-BF4B-00C04F79EFBC}") = "Gutfini", "..\tichdiem.gutfini.vn\Gutfini\Gutfini.csproj", "{B0960056-167A-4934-957D-56A5143A3AD0}"
EndProject
Project("{FAE04EC0-301F-11D3-BF4B-00C04F79EFBC}") = "VuongDuongKhang", "..\tichdiem.vuongduongkhang.vn\VuongDuongKhang\VuongDuongKhang.csproj", "{498CF05E-BE9E-4938-8EE7-3F3B5E03ED7F}"
EndProject
Project("{FAE04EC0-301F-11D3-BF4B-00C04F79EFBC}") = "VuongGutKhang", "..\tichdiem.vuonggutkhang.vn\VuongGutKhang\VuongGutKhang.csproj", "{53BE007E-708A-46BB-8B6D-601394385783}"
EndProject
Global
	GlobalSection(SolutionConfigurationPlatforms) = preSolution
		Debug|Any CPU = Debug|Any CPU
		Release|Any CPU = Release|Any CPU
	EndGlobalSection
	GlobalSection(ProjectConfigurationPlatforms) = postSolution
		{B93C88C7-0F92-44F8-8282-CB22BE48B0EA}.Debug|Any CPU.ActiveCfg = Debug|Any CPU
		{B93C88C7-0F92-44F8-8282-CB22BE48B0EA}.Debug|Any CPU.Build.0 = Debug|Any CPU
		{B93C88C7-0F92-44F8-8282-CB22BE48B0EA}.Release|Any CPU.ActiveCfg = Release|Any CPU
		{B93C88C7-0F92-44F8-8282-CB22BE48B0EA}.Release|Any CPU.Build.0 = Release|Any CPU
		{3FBE54EA-45D8-4210-9DF5-2162F84C93A6}.Debug|Any CPU.ActiveCfg = Debug|Any CPU
		{3FBE54EA-45D8-4210-9DF5-2162F84C93A6}.Debug|Any CPU.Build.0 = Debug|Any CPU
		{3FBE54EA-45D8-4210-9DF5-2162F84C93A6}.Release|Any CPU.ActiveCfg = Release|Any CPU
		{3FBE54EA-45D8-4210-9DF5-2162F84C93A6}.Release|Any CPU.Build.0 = Release|Any CPU
		{B0960056-167A-4934-957D-56A5143A3AD0}.Debug|Any CPU.ActiveCfg = Debug|Any CPU
		{B0960056-167A-4934-957D-56A5143A3AD0}.Debug|Any CPU.Build.0 = Debug|Any CPU
		{B0960056-167A-4934-957D-56A5143A3AD0}.Release|Any CPU.ActiveCfg = Release|Any CPU
		{B0960056-167A-4934-957D-56A5143A3AD0}.Release|Any CPU.Build.0 = Release|Any CPU
		{498CF05E-BE9E-4938-8EE7-3F3B5E03ED7F}.Debug|Any CPU.ActiveCfg = Debug|Any CPU
		{498CF05E-BE9E-4938-8EE7-3F3B5E03ED7F}.Debug|Any CPU.Build.0 = Debug|Any CPU
		{498CF05E-BE9E-4938-8EE7-3F3B5E03ED7F}.Release|Any CPU.ActiveCfg = Release|Any CPU
		{498CF05E-BE9E-4938-8EE7-3F3B5E03ED7F}.Release|Any CPU.Build.0 = Release|Any CPU
		{53BE007E-708A-46BB-8B6D-601394385783}.Debug|Any CPU.ActiveCfg = Debug|Any CPU
		{53BE007E-708A-46BB-8B6D-601394385783}.Debug|Any CPU.Build.0 = Debug|Any CPU
		{53BE007E-708A-46BB-8B6D-601394385783}.Release|Any CPU.ActiveCfg = Release|Any CPU
		{53BE007E-708A-46BB-8B6D-601394385783}.Release|Any CPU.Build.0 = Release|Any CPU
	EndGlobalSection
	GlobalSection(SolutionProperties) = preSolution
		HideSolutionNode = FALSE
	EndGlobalSection
	GlobalSection(ExtensibilityGlobals) = postSolution
		SolutionGuid = {2AE42526-46FF-4E3E-A26B-12B6ACCADA76}
	EndGlobalSection
EndGlobal
